Microsoft Visual Studio Solution File, Format Version 12.00
# Visual Studio Version 18
VisualStudioVersion = 18.2.11415.280
MinimumVisualStudioVersion = 10.0.40219.1
Project("{2150E333-8FDC-42A3-9474-1A3956D46DE8}") = "items", "items", "{A735A56C-0C9E-4887-BBBE-92CA5AAED017}"
	ProjectSection(SolutionItems) = preProject
		Directory.Build.props = Directory.Build.props
		editorconfig.txt = editorconfig.txt
	EndProjectSection
EndProject
Project("{FAE04EC0-301F-11D3-BF4B-00C04F79EFBC}") = "Seoul.It.Blackjack.Backend", "Seoul.It.Blackjack.Backend\Seoul.It.Blackjack.Backend.csproj", "{8485E799-653B-4269-A92F-8B323671D654}"
EndProject
Project("{FAE04EC0-301F-11D3-BF4B-00C04F79EFBC}") = "Seoul.It.Blackjack.TestClient", "Seoul.It.Blackjack.TestClient\Seoul.It.Blackjack.TestClient.csproj", "{9AE22B60-8D71-4D36-B170-4B53A77E6E08}"
EndProject
Global
	GlobalSection(SolutionConfigurationPlatforms) = preSolution
		Debug|Any CPU = Debug|Any CPU
		Release|Any CPU = Release|Any CPU
	EndGlobalSection
	GlobalSection(ProjectConfigurationPlatforms) = postSolution
		{8485E799-653B-4269-A92F-8B323671D654}.Debug|Any CPU.ActiveCfg = Debug|Any CPU
		{8485E799-653B-4269-A92F-8B323671D654}.Debug|Any CPU.Build.0 = Debug|Any CPU
		{8485E799-653B-4269-A92F-8B323671D654}.Release|Any CPU.ActiveCfg = Release|Any CPU
		{8485E799-653B-4269-A92F-8B323671D654}.Release|Any CPU.Build.0 = Release|Any CPU
		{9AE22B60-8D71-4D36-B170-4B53A77E6E08}.Debug|Any CPU.ActiveCfg = Debug|Any CPU
		{9AE22B60-8D71-4D36-B170-4B53A77E6E08}.Debug|Any CPU.Build.0 = Debug|Any CPU
		{9AE22B60-8D71-4D36-B170-4B53A77E6E08}.Release|Any CPU.ActiveCfg = Release|Any CPU
		{9AE22B60-8D71-4D36-B170-4B53A77E6E08}.Release|Any CPU.Build.0 = Release|Any CPU
	EndGlobalSection
	GlobalSection(SolutionProperties) = preSolution
		HideSolutionNode = FALSE
	EndGlobalSection
	GlobalSection(ExtensibilityGlobals) = postSolution
		SolutionGuid = {56F63AE9-F907-46D3-B9F5-304077E96C9E}
	EndGlobalSection
EndGlobal
